
Microsoft Visual Studio Solution File, Format Version 12.00
# Visual Studio Version 16
VisualStudioVersion = 16.0.29509.3
MinimumVisualStudioVersion = 10.0.40219.1
Project("{FAE04EC0-301F-11D3-BF4B-00C04F79EFBC}") = "GK4_Drawing3D", "GK4_Drawing3D\GK4_Drawing3D.csproj", "{57DEFD9E-CB2A-40CD-9BFE-8E3405D89733}"
EndProject
Global
	GlobalSection(SolutionConfigurationPlatforms) = preSolution
		Debug|Any CPU = Debug|Any CPU
		Release|Any CPU = Release|Any CPU
	EndGlobalSection
	GlobalSection(ProjectConfigurationPlatforms) = postSolution
		{57DEFD9E-CB2A-40CD-9BFE-8E3405D89733}.Debug|Any CPU.ActiveCfg = Debug|Any CPU
		{57DEFD9E-CB2A-40CD-9BFE-8E3405D89733}.Debug|Any CPU.Build.0 = Debug|Any CPU
		{57DEFD9E-CB2A-40CD-9BFE-8E3405D89733}.Release|Any CPU.ActiveCfg = Release|Any CPU
		{57DEFD9E-CB2A-40CD-9BFE-8E3405D89733}.Release|Any CPU.Build.0 = Release|Any CPU
	EndGlobalSection
	GlobalSection(SolutionProperties) = preSolution
		HideSolutionNode = FALSE
	EndGlobalSection
	GlobalSection(ExtensibilityGlobals) = postSolution
		SolutionGuid = {C22F32F0-B14C-43DB-BCC8-93B55705F382}
	EndGlobalSection
EndGlobal
